
Microsoft Visual Studio Solution File, Format Version 12.00
# Visual Studio Version 16
VisualStudioVersion = 16.0.31424.327
MinimumVisualStudioVersion = 10.0.40219.1
Project("{9A19103F-16F7-4668-BE54-9A1E7A4F7556}") = "Melody", "Melody\Melody.csproj", "{B54ADA28-4D02-4841-B5F7-FA22EB81E55A}"
EndProject
Project("{2150E333-8FDC-42A3-9474-1A3956D46DE8}") = "Solution Items", "Solution Items", "{97EAA540-CE5A-4E2A-BA85-661FD0EC2D58}"
	ProjectSection(SolutionItems) = preProject
		.gitattributes = .gitattributes
		.gitignore = .gitignore
		LICENSE.md = LICENSE.md
		README.md = README.md
	EndProjectSection
EndProject
Global
	GlobalSection(SolutionConfigurationPlatforms) = preSolution
		Debug|Any CPU = Debug|Any CPU
		Release|Any CPU = Release|Any CPU
	EndGlobalSection
	GlobalSection(ProjectConfigurationPlatforms) = postSolution
		{B54ADA28-4D02-4841-B5F7-FA22EB81E55A}.Debug|Any CPU.ActiveCfg = Debug|Any CPU
		{B54ADA28-4D02-4841-B5F7-FA22EB81E55A}.Debug|Any CPU.Build.0 = Debug|Any CPU
		{B54ADA28-4D02-4841-B5F7-FA22EB81E55A}.Release|Any CPU.ActiveCfg = Release|Any CPU
		{B54ADA28-4D02-4841-B5F7-FA22EB81E55A}.Release|Any CPU.Build.0 = Release|Any CPU
	EndGlobalSection
	GlobalSection(SolutionProperties) = preSolution
		HideSolutionNode = FALSE
	EndGlobalSection
	GlobalSection(ExtensibilityGlobals) = postSolution
		SolutionGuid = {B3F8324D-455A-4163-AE43-FE11BBB7722D}
	EndGlobalSection
EndGlobal
